
Microsoft Visual Studio Solution File, Format Version 12.00
# Visual Studio Version 17
VisualStudioVersion = 17.2.32630.192
MinimumVisualStudioVersion = 10.0.40219.1
Project("{FAE04EC0-301F-11D3-BF4B-00C04F79EFBC}") = "XamarinPropertyChanged.Android", "XamarinPropertyChanged\XamarinPropertyChanged.Android\XamarinPropertyChanged.Android.csproj", "{2DF3E810-F041-45C8-BEBD-820D473B06F2}"
EndProject
Project("{FAE04EC0-301F-11D3-BF4B-00C04F79EFBC}") = "XamarinPropertyChanged.iOS", "XamarinPropertyChanged\XamarinPropertyChanged.iOS\XamarinPropertyChanged.iOS.csproj", "{645AB6EA-7574-4B1E-9E78-DF891850B6FC}"
EndProject
Project("{FAE04EC0-301F-11D3-BF4B-00C04F79EFBC}") = "XamarinPropertyChanged", "XamarinPropertyChanged\XamarinPropertyChanged\XamarinPropertyChanged.csproj", "{A39D621B-25AE-48FE-8629-F12BB8638824}"
EndProject
Global
	GlobalSection(SolutionConfigurationPlatforms) = preSolution
		Debug|Any CPU = Debug|Any CPU
		Debug|iPhone = Debug|iPhone
		Debug|iPhoneSimulator = Debug|iPhoneSimulator
		Release|Any CPU = Release|Any CPU
		Release|iPhone = Release|iPhone
		Release|iPhoneSimulator = Release|iPhoneSimulator
	EndGlobalSection
	GlobalSection(ProjectConfigurationPlatforms) = postSolution
		{2DF3E810-F041-45C8-BEBD-820D473B06F2}.Debug|Any CPU.ActiveCfg = Debug|Any CPU
		{2DF3E810-F041-45C8-BEBD-820D473B06F2}.Debug|Any CPU.Build.0 = Debug|Any CPU
		{2DF3E810-F041-45C8-BEBD-820D473B06F2}.Debug|Any CPU.Deploy.0 = Debug|Any CPU
		{2DF3E810-F041-45C8-BEBD-820D473B06F2}.Debug|iPhone.ActiveCfg = Debug|Any CPU
		{2DF3E810-F041-45C8-BEBD-820D473B06F2}.Debug|iPhone.Build.0 = Debug|Any CPU
		{2DF3E810-F041-45C8-BEBD-820D473B06F2}.Debug|iPhone.Deploy.0 = Debug|Any CPU
		{2DF3E810-F041-45C8-BEBD-820D473B06F2}.Debug|iPhoneSimulator.ActiveCfg = Debug|Any CPU
		{2DF3E810-F041-45C8-BEBD-820D473B06F2}.Debug|iPhoneSimulator.Build.0 = Debug|Any CPU
		{2DF3E810-F041-45C8-BEBD-820D473B06F2}.Debug|iPhoneSimulator.Deploy.0 = Debug|Any CPU
		{2DF3E810-F041-45C8-BEBD-820D473B06F2}.Release|Any CPU.ActiveCfg = Release|Any CPU
		{2DF3E810-F041-45C8-BEBD-820D473B06F2}.Release|Any CPU.Build.0 = Release|Any CPU
		{2DF3E810-F041-45C8-BEBD-820D473B06F2}.Release|Any CPU.Deploy.0 = Release|Any CPU
		{2DF3E810-F041-45C8-BEBD-820D473B06F2}.Release|iPhone.ActiveCfg = Release|Any CPU
		{2DF3E810-F041-45C8-BEBD-820D473B06F2}.Release|iPhone.Build.0 = Release|Any CPU
		{2DF3E810-F041-45C8-BEBD-820D473B06F2}.Release|iPhone.Deploy.0 = Release|Any CPU
		{2DF3E810-F041-45C8-BEBD-820D473B06F2}.Release|iPhoneSimulator.ActiveCfg = Release|Any CPU
		{2DF3E810-F041-45C8-BEBD-820D473B06F2}.Release|iPhoneSimulator.Build.0 = Release|Any CPU
		{2DF3E810-F041-45C8-BEBD-820D473B06F2}.Release|iPhoneSimulator.Deploy.0 = Release|Any CPU
		{645AB6EA-7574-4B1E-9E78-DF891850B6FC}.Debug|Any CPU.ActiveCfg = Debug|iPhone
		{645AB6EA-7574-4B1E-9E78-DF891850B6FC}.Debug|Any CPU.Build.0 = Debug|iPhone
		{645AB6EA-7574-4B1E-9E78-DF891850B6FC}.Debug|Any CPU.Deploy.0 = Debug|iPhone
		{645AB6EA-7574-4B1E-9E78-DF891850B6FC}.Debug|iPhone.ActiveCfg = Debug|iPhone
		{645AB6EA-7574-4B1E-9E78-DF891850B6FC}.Debug|iPhone.Build.0 = Debug|iPhone
		{645AB6EA-7574-4B1E-9E78-DF891850B6FC}.Debug|iPhone.Deploy.0 = Debug|iPhone
		{645AB6EA-7574-4B1E-9E78-DF891850B6FC}.Debug|iPhoneSimulator.ActiveCfg = Debug|iPhoneSimulator
		{645AB6EA-7574-4B1E-9E78-DF891850B6FC}.Debug|iPhoneSimulator.Build.0 = Debug|iPhoneSimulator
		{645AB6EA-7574-4B1E-9E78-DF891850B6FC}.Debug|iPhoneSimulator.Deploy.0 = Debug|iPhoneSimulator
		{645AB6EA-7574-4B1E-9E78-DF891850B6FC}.Release|Any CPU.ActiveCfg = Release|iPhoneSimulator
		{645AB6EA-7574-4B1E-9E78-DF891850B6FC}.Release|Any CPU.Build.0 = Release|iPhoneSimulator
		{645AB6EA-7574-4B1E-9E78-DF891850B6FC}.Release|Any CPU.Deploy.0 = Release|iPhoneSimulator
		{645AB6EA-7574-4B1E-9E78-DF891850B6FC}.Release|iPhone.ActiveCfg = Release|iPhone
		{645AB6EA-7574-4B1E-9E78-DF891850B6FC}.Release|iPhone.Build.0 = Release|iPhone
		{645AB6EA-7574-4B1E-9E78-DF891850B6FC}.Release|iPhone.Deploy.0 = Release|iPhone
		{645AB6EA-7574-4B1E-9E78-DF891850B6FC}.Release|iPhoneSimulator.ActiveCfg = Release|iPhoneSimulator
		{645AB6EA-7574-4B1E-9E78-DF891850B6FC}.Release|iPhoneSimulator.Build.0 = Release|iPhoneSimulator
		{645AB6EA-7574-4B1E-9E78-DF891850B6FC}.Release|iPhoneSimulator.Deploy.0 = Release|iPhoneSimulator
		{A39D621B-25AE-48FE-8629-F12BB8638824}.Debug|Any CPU.ActiveCfg = Debug|Any CPU
		{A39D621B-25AE-48FE-8629-F12BB8638824}.Debug|Any CPU.Build.0 = Debug|Any CPU
		{A39D621B-25AE-48FE-8629-F12BB8638824}.Debug|Any CPU.Deploy.0 = Debug|Any CPU
		{A39D621B-25AE-48FE-8629-F12BB8638824}.Debug|iPhone.ActiveCfg = Debug|Any CPU
		{A39D621B-25AE-48FE-8629-F12BB8638824}.Debug|iPhone.Build.0 = Debug|Any CPU
		{A39D621B-25AE-48FE-8629-F12BB8638824}.Debug|iPhone.Deploy.0 = Debug|Any CPU
		{A39D621B-25AE-48FE-8629-F12BB8638824}.Debug|iPhoneSimulator.ActiveCfg = Debug|Any CPU
		{A39D621B-25AE-48FE-8629-F12BB8638824}.Debug|iPhoneSimulator.Build.0 = Debug|Any CPU
		{A39D621B-25AE-48FE-8629-F12BB8638824}.Debug|iPhoneSimulator.Deploy.0 = Debug|Any CPU
		{A39D621B-25AE-48FE-8629-F12BB8638824}.Release|Any CPU.ActiveCfg = Release|Any CPU
		{A39D621B-25AE-48FE-8629-F12BB8638824}.Release|Any CPU.Build.0 = Release|Any CPU
		{A39D621B-25AE-48FE-8629-F12BB8638824}.Release|Any CPU.Deploy.0 = Release|Any CPU
		{A39D621B-25AE-48FE-8629-F12BB8638824}.Release|iPhone.ActiveCfg = Release|Any CPU
		{A39D621B-25AE-48FE-8629-F12BB8638824}.Release|iPhone.Build.0 = Release|Any CPU
		{A39D621B-25AE-48FE-8629-F12BB8638824}.Release|iPhone.Deploy.0 = Release|Any CPU
		{A39D621B-25AE-48FE-8629-F12BB8638824}.Release|iPhoneSimulator.ActiveCfg = Release|Any CPU
		{A39D621B-25AE-48FE-8629-F12BB8638824}.Release|iPhoneSimulator.Build.0 = Release|Any CPU
		{A39D621B-25AE-48FE-8629-F12BB8638824}.Release|iPhoneSimulator.Deploy.0 = Release|Any CPU
	EndGlobalSection
	GlobalSection(SolutionProperties) = preSolution
		HideSolutionNode = FALSE
	EndGlobalSection
	GlobalSection(ExtensibilityGlobals) = postSolution
		SolutionGuid = {34EF6AFC-086C-4473-BB1F-57D8C636FE95}
	EndGlobalSection
EndGlobal
